
Microsoft Visual Studio Solution File, Format Version 12.00
# Visual Studio 15
Project("{FAE04EC0-301F-11D3-BF4B-00C04F79EFBC}") = "Assembly-CSharp", "Assembly-CSharp.csproj", "{62BAE233-08CD-FC7B-8BCD-10E156A85D17}"
EndProject
Project("{FAE04EC0-301F-11D3-BF4B-00C04F79EFBC}") = "Assembly-CSharp-firstpass", "Assembly-CSharp-firstpass.csproj", "{8999338A-463F-A164-96C2-12C735801CEF}"
EndProject
Project("{FAE04EC0-301F-11D3-BF4B-00C04F79EFBC}") = "Assembly-CSharp-Editor-firstpass", "Assembly-CSharp-Editor-firstpass.csproj", "{8B1CAD47-292F-F171-254E-26715541CBA0}"
EndProject
Project("{FAE04EC0-301F-11D3-BF4B-00C04F79EFBC}") = "Assembly-CSharp-Editor", "Assembly-CSharp-Editor.csproj", "{F198700E-BFAB-F31D-28A2-5F8690434178}"
EndProject
Global
	GlobalSection(SolutionConfigurationPlatforms) = preSolution
		Debug|Any CPU = Debug|Any CPU
		Release|Any CPU = Release|Any CPU
	EndGlobalSection
	GlobalSection(ProjectConfigurationPlatforms) = postSolution
		{62BAE233-08CD-FC7B-8BCD-10E156A85D17}.Debug|Any CPU.ActiveCfg = Debug|Any CPU
		{62BAE233-08CD-FC7B-8BCD-10E156A85D17}.Debug|Any CPU.Build.0 = Debug|Any CPU
		{62BAE233-08CD-FC7B-8BCD-10E156A85D17}.Release|Any CPU.ActiveCfg = Release|Any CPU
		{62BAE233-08CD-FC7B-8BCD-10E156A85D17}.Release|Any CPU.Build.0 = Release|Any CPU
		{8999338A-463F-A164-96C2-12C735801CEF}.Debug|Any CPU.ActiveCfg = Debug|Any CPU
		{8999338A-463F-A164-96C2-12C735801CEF}.Debug|Any CPU.Build.0 = Debug|Any CPU
		{8999338A-463F-A164-96C2-12C735801CEF}.Release|Any CPU.ActiveCfg = Release|Any CPU
		{8999338A-463F-A164-96C2-12C735801CEF}.Release|Any CPU.Build.0 = Release|Any CPU
		{8B1CAD47-292F-F171-254E-26715541CBA0}.Debug|Any CPU.ActiveCfg = Debug|Any CPU
		{8B1CAD47-292F-F171-254E-26715541CBA0}.Debug|Any CPU.Build.0 = Debug|Any CPU
		{8B1CAD47-292F-F171-254E-26715541CBA0}.Release|Any CPU.ActiveCfg = Release|Any CPU
		{8B1CAD47-292F-F171-254E-26715541CBA0}.Release|Any CPU.Build.0 = Release|Any CPU
		{F198700E-BFAB-F31D-28A2-5F8690434178}.Debug|Any CPU.ActiveCfg = Debug|Any CPU
		{F198700E-BFAB-F31D-28A2-5F8690434178}.Debug|Any CPU.Build.0 = Debug|Any CPU
		{F198700E-BFAB-F31D-28A2-5F8690434178}.Release|Any CPU.ActiveCfg = Release|Any CPU
		{F198700E-BFAB-F31D-28A2-5F8690434178}.Release|Any CPU.Build.0 = Release|Any CPU
	EndGlobalSection
	GlobalSection(SolutionProperties) = preSolution
		HideSolutionNode = FALSE
	EndGlobalSection
EndGlobal
